
Microsoft Visual Studio Solution File, Format Version 12.00
# Visual Studio Version 17
VisualStudioVersion = 17.0.31903.59
MinimumVisualStudioVersion = 10.0.40219.1
Project("{2150E333-8FDC-42A3-9474-1A3956D46DE8}") = "src", "src", "{A6F162B4-8C8E-4E3C-8A88-125AD9E42CDA}"
EndProject
Project("{2150E333-8FDC-42A3-9474-1A3956D46DE8}") = "core", "core", "{AE252C46-D2BE-4BB5-9505-CB9333C99146}"
EndProject
Project("{2150E333-8FDC-42A3-9474-1A3956D46DE8}") = "Domain", "Domain", "{CDD8D2F4-8361-43BA-B916-F230C6C15C6F}"
EndProject
Project("{2150E333-8FDC-42A3-9474-1A3956D46DE8}") = "Application", "Application", "{516EE1B2-B9D5-4F78-98C9-59CB9DF51B02}"
EndProject
Project("{2150E333-8FDC-42A3-9474-1A3956D46DE8}") = "External", "External", "{9D233DCB-DDEF-4DB1-A02B-8ADA9DCD7B22}"
EndProject
Project("{9A19103F-16F7-4668-BE54-9A1E7A4F7556}") = "Infrastructure", "Infrastructure\Infrastructure.csproj", "{098F12C4-CA17-40FF-889D-F970AC5631D4}"
EndProject
Project("{9A19103F-16F7-4668-BE54-9A1E7A4F7556}") = "Presentation", "Presentation\Presentation.csproj", "{150EEA87-1EC7-4267-A678-C77A5F2F6FE5}"
EndProject
Project("{9A19103F-16F7-4668-BE54-9A1E7A4F7556}") = "Application", "Application\Application.csproj", "{7108485A-74A9-4A7D-BDA3-717C8AF1437C}"
EndProject
Project("{9A19103F-16F7-4668-BE54-9A1E7A4F7556}") = "Domain", "Domain\Domain.csproj", "{CAA65809-B2C3-4E8A-9D6E-6EC4EAA91D21}"
EndProject
Project("{9A19103F-16F7-4668-BE54-9A1E7A4F7556}") = "Core.Api", "Core.Api\Core.Api.csproj", "{C4A91E5B-4753-4652-A47F-B12BA2D03A9B}"
EndProject
Project("{9A19103F-16F7-4668-BE54-9A1E7A4F7556}") = "RabbitMQ", "RabbitMQ\RabbitMQ.csproj", "{F5669C2A-1A18-4220-BE7F-689FD7337BE0}"
EndProject
Project("{9A19103F-16F7-4668-BE54-9A1E7A4F7556}") = "Identity", "Identity\Identity.csproj", "{6FA32F03-1121-42AB-8642-8C5596788C6F}"
EndProject
Project("{2150E333-8FDC-42A3-9474-1A3956D46DE8}") = "MicroServices", "MicroServices", "{9E1C4250-FB01-4FFE-AAC5-E9F7D0384236}"
EndProject
Project("{9A19103F-16F7-4668-BE54-9A1E7A4F7556}") = "EmailService", "EmailService\EmailService.csproj", "{F20F200B-F372-4A5F-8641-B55C5A875CC3}"
EndProject
Project("{9A19103F-16F7-4668-BE54-9A1E7A4F7556}") = "EmailWorker", "EmailWorker\EmailWorker.csproj", "{9E1BD1B9-1BB9-43C5-80D3-A622D7F32E1A}"
EndProject
Project("{FAE04EC0-301F-11D3-BF4B-00C04F79EFBC}") = "Swagger", "Swagger\Swagger.csproj", "{E8D088FF-C8A6-4701-B291-3C34A726F497}"
EndProject
Global
	GlobalSection(SolutionConfigurationPlatforms) = preSolution
		Debug|Any CPU = Debug|Any CPU
		Release|Any CPU = Release|Any CPU
	EndGlobalSection
	GlobalSection(ProjectConfigurationPlatforms) = postSolution
		{098F12C4-CA17-40FF-889D-F970AC5631D4}.Debug|Any CPU.ActiveCfg = Debug|Any CPU
		{098F12C4-CA17-40FF-889D-F970AC5631D4}.Debug|Any CPU.Build.0 = Debug|Any CPU
		{098F12C4-CA17-40FF-889D-F970AC5631D4}.Release|Any CPU.ActiveCfg = Release|Any CPU
		{098F12C4-CA17-40FF-889D-F970AC5631D4}.Release|Any CPU.Build.0 = Release|Any CPU
		{150EEA87-1EC7-4267-A678-C77A5F2F6FE5}.Debug|Any CPU.ActiveCfg = Debug|Any CPU
		{150EEA87-1EC7-4267-A678-C77A5F2F6FE5}.Debug|Any CPU.Build.0 = Debug|Any CPU
		{150EEA87-1EC7-4267-A678-C77A5F2F6FE5}.Release|Any CPU.ActiveCfg = Release|Any CPU
		{150EEA87-1EC7-4267-A678-C77A5F2F6FE5}.Release|Any CPU.Build.0 = Release|Any CPU
		{7108485A-74A9-4A7D-BDA3-717C8AF1437C}.Debug|Any CPU.ActiveCfg = Debug|Any CPU
		{7108485A-74A9-4A7D-BDA3-717C8AF1437C}.Debug|Any CPU.Build.0 = Debug|Any CPU
		{7108485A-74A9-4A7D-BDA3-717C8AF1437C}.Release|Any CPU.ActiveCfg = Release|Any CPU
		{7108485A-74A9-4A7D-BDA3-717C8AF1437C}.Release|Any CPU.Build.0 = Release|Any CPU
		{CAA65809-B2C3-4E8A-9D6E-6EC4EAA91D21}.Debug|Any CPU.ActiveCfg = Debug|Any CPU
		{CAA65809-B2C3-4E8A-9D6E-6EC4EAA91D21}.Debug|Any CPU.Build.0 = Debug|Any CPU
		{CAA65809-B2C3-4E8A-9D6E-6EC4EAA91D21}.Release|Any CPU.ActiveCfg = Release|Any CPU
		{CAA65809-B2C3-4E8A-9D6E-6EC4EAA91D21}.Release|Any CPU.Build.0 = Release|Any CPU
		{C4A91E5B-4753-4652-A47F-B12BA2D03A9B}.Debug|Any CPU.ActiveCfg = Debug|Any CPU
		{C4A91E5B-4753-4652-A47F-B12BA2D03A9B}.Debug|Any CPU.Build.0 = Debug|Any CPU
		{C4A91E5B-4753-4652-A47F-B12BA2D03A9B}.Release|Any CPU.ActiveCfg = Release|Any CPU
		{C4A91E5B-4753-4652-A47F-B12BA2D03A9B}.Release|Any CPU.Build.0 = Release|Any CPU
		{F5669C2A-1A18-4220-BE7F-689FD7337BE0}.Debug|Any CPU.ActiveCfg = Debug|Any CPU
		{F5669C2A-1A18-4220-BE7F-689FD7337BE0}.Debug|Any CPU.Build.0 = Debug|Any CPU
		{F5669C2A-1A18-4220-BE7F-689FD7337BE0}.Release|Any CPU.ActiveCfg = Release|Any CPU
		{F5669C2A-1A18-4220-BE7F-689FD7337BE0}.Release|Any CPU.Build.0 = Release|Any CPU
		{6FA32F03-1121-42AB-8642-8C5596788C6F}.Debug|Any CPU.ActiveCfg = Debug|Any CPU
		{6FA32F03-1121-42AB-8642-8C5596788C6F}.Debug|Any CPU.Build.0 = Debug|Any CPU
		{6FA32F03-1121-42AB-8642-8C5596788C6F}.Release|Any CPU.ActiveCfg = Release|Any CPU
		{6FA32F03-1121-42AB-8642-8C5596788C6F}.Release|Any CPU.Build.0 = Release|Any CPU
		{F20F200B-F372-4A5F-8641-B55C5A875CC3}.Debug|Any CPU.ActiveCfg = Debug|Any CPU
		{F20F200B-F372-4A5F-8641-B55C5A875CC3}.Debug|Any CPU.Build.0 = Debug|Any CPU
		{F20F200B-F372-4A5F-8641-B55C5A875CC3}.Release|Any CPU.ActiveCfg = Release|Any CPU
		{F20F200B-F372-4A5F-8641-B55C5A875CC3}.Release|Any CPU.Build.0 = Release|Any CPU
		{9E1BD1B9-1BB9-43C5-80D3-A622D7F32E1A}.Debug|Any CPU.ActiveCfg = Debug|Any CPU
		{9E1BD1B9-1BB9-43C5-80D3-A622D7F32E1A}.Debug|Any CPU.Build.0 = Debug|Any CPU
		{9E1BD1B9-1BB9-43C5-80D3-A622D7F32E1A}.Release|Any CPU.ActiveCfg = Release|Any CPU
		{9E1BD1B9-1BB9-43C5-80D3-A622D7F32E1A}.Release|Any CPU.Build.0 = Release|Any CPU
		{E8D088FF-C8A6-4701-B291-3C34A726F497}.Debug|Any CPU.ActiveCfg = Debug|Any CPU
		{E8D088FF-C8A6-4701-B291-3C34A726F497}.Debug|Any CPU.Build.0 = Debug|Any CPU
		{E8D088FF-C8A6-4701-B291-3C34A726F497}.Release|Any CPU.ActiveCfg = Release|Any CPU
		{E8D088FF-C8A6-4701-B291-3C34A726F497}.Release|Any CPU.Build.0 = Release|Any CPU
	EndGlobalSection
	GlobalSection(SolutionProperties) = preSolution
		HideSolutionNode = FALSE
	EndGlobalSection
	GlobalSection(NestedProjects) = preSolution
		{AE252C46-D2BE-4BB5-9505-CB9333C99146} = {A6F162B4-8C8E-4E3C-8A88-125AD9E42CDA}
		{CDD8D2F4-8361-43BA-B916-F230C6C15C6F} = {AE252C46-D2BE-4BB5-9505-CB9333C99146}
		{516EE1B2-B9D5-4F78-98C9-59CB9DF51B02} = {AE252C46-D2BE-4BB5-9505-CB9333C99146}
		{9D233DCB-DDEF-4DB1-A02B-8ADA9DCD7B22} = {A6F162B4-8C8E-4E3C-8A88-125AD9E42CDA}
		{098F12C4-CA17-40FF-889D-F970AC5631D4} = {9D233DCB-DDEF-4DB1-A02B-8ADA9DCD7B22}
		{150EEA87-1EC7-4267-A678-C77A5F2F6FE5} = {9D233DCB-DDEF-4DB1-A02B-8ADA9DCD7B22}
		{7108485A-74A9-4A7D-BDA3-717C8AF1437C} = {516EE1B2-B9D5-4F78-98C9-59CB9DF51B02}
		{CAA65809-B2C3-4E8A-9D6E-6EC4EAA91D21} = {CDD8D2F4-8361-43BA-B916-F230C6C15C6F}
		{C4A91E5B-4753-4652-A47F-B12BA2D03A9B} = {A6F162B4-8C8E-4E3C-8A88-125AD9E42CDA}
		{F5669C2A-1A18-4220-BE7F-689FD7337BE0} = {9D233DCB-DDEF-4DB1-A02B-8ADA9DCD7B22}
		{6FA32F03-1121-42AB-8642-8C5596788C6F} = {9D233DCB-DDEF-4DB1-A02B-8ADA9DCD7B22}
		{9E1C4250-FB01-4FFE-AAC5-E9F7D0384236} = {9D233DCB-DDEF-4DB1-A02B-8ADA9DCD7B22}
		{F20F200B-F372-4A5F-8641-B55C5A875CC3} = {9D233DCB-DDEF-4DB1-A02B-8ADA9DCD7B22}
		{9E1BD1B9-1BB9-43C5-80D3-A622D7F32E1A} = {9E1C4250-FB01-4FFE-AAC5-E9F7D0384236}
		{E8D088FF-C8A6-4701-B291-3C34A726F497} = {9D233DCB-DDEF-4DB1-A02B-8ADA9DCD7B22}
	EndGlobalSection
	GlobalSection(ExtensibilityGlobals) = postSolution
		SolutionGuid = {D4C32301-B333-4136-A405-B3B88B91A755}
	EndGlobalSection
EndGlobal
